lockfileVersion: '9.0'

settings:
  autoInstallPeers: false
  excludeLinksFromLockfile: false

patchedDependencies:
  collateral-margin-abi: 7c97e1895133c2310ee81b6c24248a113d66b141bfa49a51d5b3ed468df4045d
  derivatives-marketplace-abi: 96cf5481d03a402c55577d18ce7e4576a0252323c61d0b1f48f6fec7d7001c2d

importers:

  .:
    dependencies:
      amaro:
        specifier: ^1.1.9
        version: 1.1.10
      collateral-margin-abi:
        specifier: github:Lumerin-protocol/collateral-margin#dev&path:/contracts/abi
        version: https://codeload.github.com/Lumerin-protocol/collateral-margin/tar.gz/4ba5a84b54a01c37f4a92e9f30fa0ff2281c6855#path:/contracts/abi(patch_hash=7c97e1895133c2310ee81b6c24248a113d66b141bfa49a51d5b3ed468df4045d)
      derivatives-marketplace-abi:
        specifier: github:Lumerin-protocol/derivatives-marketplace#c8078b9e430df8a5ec8bc64865d692b38cc69d8c&path:/contracts/abi
        version: https://codeload.github.com/Lumerin-protocol/derivatives-marketplace/tar.gz/c8078b9e430df8a5ec8bc64865d692b38cc69d8c#path:/contracts/abi(patch_hash=96cf5481d03a402c55577d18ce7e4576a0252323c61d0b1f48f6fec7d7001c2d)
      futures-marketplace-abi:
        specifier: github:Lumerin-protocol/futures-marketplace#feat/futures-3-aggregate-positions&path:/contracts/abi
        version: https://codeload.github.com/Lumerin-protocol/futures-marketplace/tar.gz/20fcd524629f87c352161377a7b50ac263b92e12#path:/contracts/abi
      pino:
        specifier: ^10.3.1
        version: 10.3.1
      viem:
        specifier: ^2.48.8
        version: 2.54.6
    devDependencies:
      '@types/node':
        specifier: ^22.0.0
        version: 22.20.0
      '@typescript/native-preview':
        specifier: 7.0.0-dev.20260511.1
        version: 7.0.0-dev.20260511.1
      pino-pretty:
        specifier: ^13.1.3
        version: 13.1.3

packages:

  '@adraffy/ens-normalize@1.11.1':
    resolution: {integrity: sha512-nhCBV3quEgesuf7c7KYfperqSS14T8bYuvJ8PcLJp6znkZpFc0AuW4qBtr8eKVyPPe/8RSr7sglCWPU5eaxwKQ==}

  '@noble/ciphers@1.3.0':
    resolution: {integrity: sha512-2I0gnIVPtfnMw9ee9h1dJG7tp81+8Ob3OJb3Mv37rx5L40/b0i7djjCVvGOVqc9AEIQyvyu1i6ypKdFw8R8gQw==}
    engines: {node: ^14.21.3 || >=16}

  '@noble/curves@1.9.1':
    resolution: {integrity: sha512-k11yZxZg+t+gWvBbIswW0yoJlu8cHOC7dhunwOzoWH/mXGBiYyR4YY6hAEK/3EUs4UpB8la1RfdRpeGsFHkWsA==}
    engines: {node: ^14.21.3 || >=16}

  '@noble/hashes@1.8.0':
    resolution: {integrity: sha512-jCs9ldd7NwzpgXDIf6P3+NrHh9/sD6CQdxHyjQI+h/6rDNo88ypBxxz45UDuZHz9r3tNz7N/VInSVoVdtXEI4A==}
    engines: {node: ^14.21.3 || >=16}

  '@pinojs/redact@0.4.0':
    resolution: {integrity: sha512-k2ENnmBugE/rzQfEcdWHcCY+/FM3VLzH9cYEsbdsoqrvzAKRhUZeRNhAZvB8OitQJ1TBed3yqWtdjzS6wJKBwg==}

  '@scure/base@1.2.6':
    resolution: {integrity: sha512-g/nm5FgUa//MCj1gV09zTJTaM6KBAHqLN907YVQqf7zC49+DcO4B1so4ZX07Ef10Twr6nuqYEH9GEggFXA4Fmg==}

  '@scure/bip32@1.7.0':
    resolution: {integrity: sha512-E4FFX/N3f4B80AKWp5dP6ow+flD1LQZo/w8UnLGYZO674jS6YnYeepycOOksv+vLPSpgN35wgKgy+ybfTb2SMw==}

  '@scure/bip39@1.6.0':
    resolution: {integrity: sha512-+lF0BbLiJNwVlev4eKelw1WWLaiKXw7sSl8T6FvBlWkdX+94aGJ4o8XjUdlyhTCjd8c+B3KT3JfS8P0bLRNU6A==}

  '@types/node@22.20.0':
    resolution: {integrity: sha512-QWlFW2wf3nTjC13/DqRnBpR4ZO36VJH/JVBkA/vcnmbTBNQIlnObqyqZE1tUR7+Ni23Lda8R1BxMfbXRpCUx5g==}

  '@typescript/native-preview-darwin-arm64@7.0.0-dev.20260511.1':
    resolution: {integrity: sha512-SYrqVOlapDxDG7FzHBIJbfgaix+mXPkYzYGqwpz/TAhoPA7sgbfAoGLaqi3ut9N88C/OYNhEX4tjz/0PC9i1nw==}
    engines: {node: '>=16.20.0'}
    cpu: [arm64]
    os: [darwin]

  '@typescript/native-preview-darwin-x64@7.0.0-dev.20260511.1':
    resolution: {integrity: sha512-zIe31OYgBvkgTIQEwJtKim6SYyuVTkr+9fK/87hVwKN15X3Ikjeh0C0g2W/Vl4rXeMvy95wBGDN1jpW11DIvgg==}
    engines: {node: '>=16.20.0'}
    cpu: [x64]
    os: [darwin]

  '@typescript/native-preview-linux-arm64@7.0.0-dev.20260511.1':
    resolution: {integrity: sha512-YbmCQXGYkDChGFG7hXJzIgmRjtU1kE5VK/+k322nGnbq4ePqSjS3dS0+ehPATmvfO1XjCDfh3ekED+AtmWk6aQ==}
    engines: {node: '>=16.20.0'}
    cpu: [arm64]
    os: [linux]

  '@typescript/native-preview-linux-arm@7.0.0-dev.20260511.1':
    resolution: {integrity: sha512-02b45lpPmYf125PvcnK67WW93N55qwKmtInwfVefV997S17Ib3h6hlCW4e24BDhNsGRCSLhPA4Lu7ZvTq5pLkw==}
    engines: {node: '>=16.20.0'}
    cpu: [arm]
    os: [linux]

  '@typescript/native-preview-linux-x64@7.0.0-dev.20260511.1':
    resolution: {integrity: sha512-e+TweaVJFaM96tV1UM1kRfk2y8QBkZtz7+0wcxrDGmyJz3IIRUlg1btocaBkhsmVtQPXMr37RutBBMgpl3vgUg==}
    engines: {node: '>=16.20.0'}
    cpu: [x64]
    os: [linux]

  '@typescript/native-preview-win32-arm64@7.0.0-dev.20260511.1':
    resolution: {integrity: sha512-zgkoGiCpOrly5h8ghcuu6ZNSfrnRqtHoCq584Q92+s4D/j1MU3oKkGPvmkezp5Mj2v7ffR9AjU+lWRDkrfm6eA==}
    engines: {node: '>=16.20.0'}
    cpu: [arm64]
    os: [win32]

  '@typescript/native-preview-win32-x64@7.0.0-dev.20260511.1':
    resolution: {integrity: sha512-SUm7iVYzKaflol+QwH0Ny5jZtco6PJduI+h/TEg0sgBJzVBa+9RN4I9+Xu9v+EJ1bci3XI7835IRdSP36lCgCw==}
    engines: {node: '>=16.20.0'}
    cpu: [x64]
    os: [win32]

  '@typescript/native-preview@7.0.0-dev.20260511.1':
    resolution: {integrity: sha512-cUyY4Sr6065280lB6hCwTMCBMTxlEIGjSLzHym28yikA5sFiEsAzlwiU0i+XkTUIqr5K5M/SzSJiioDN+vpjtA==}
    engines: {node: '>=16.20.0'}
    hasBin: true

  abitype@1.2.3:
    resolution: {integrity: sha512-Ofer5QUnuUdTFsBRwARMoWKOH1ND5ehwYhJ3OJ/BQO+StkwQjHw0XyVh4vDttzHB7QOFhPHa/o413PJ82gU/Tg==}
    peerDependencies:
      typescript: '>=5.0.4'
      zod: ^3.22.0 || ^4.0.0
    peerDependenciesMeta:
      typescript:
        optional: true
      zod:
        optional: true

  amaro@1.1.10:
    resolution: {integrity: sha512-ceFv+QA3SlhFsn0hu8Q8oyj36YZdIgoJFpyS2sGJGK2dyncwcMWuBlNzhXfc1oLWtbDWM2Ol2rrzOYa+HNyEjg==}
    engines: {node: '>=22'}

  atomic-sleep@1.0.0:
    resolution: {integrity: sha512-kNOjDqAh7px0XWNI+4QbzoiR/nTkHAWNud2uvnJquD1/x5a7EQZMJT0AczqK0Qn67oY/TTQ1LbUKajZpp3I9tQ==}
    engines: {node: '>=8.0.0'}

  collateral-margin-abi@https://codeload.github.com/Lumerin-protocol/collateral-margin/tar.gz/4ba5a84b54a01c37f4a92e9f30fa0ff2281c6855#path:/contracts/abi:
    resolution: {gitHosted: true, path: /contracts/abi, tarball: https://codeload.github.com/Lumerin-protocol/collateral-margin/tar.gz/4ba5a84b54a01c37f4a92e9f30fa0ff2281c6855}
    version: 0.0.0

  colorette@2.0.20:
    resolution: {integrity: sha512-IfEDxwoWIjkeXL1eXcDiow4UbKjhLdq6/EuSVR9GMN7KVH3r9gQ83e73hsz1Nd1T3ijd5xv1wcWRYO+D6kCI2w==}

  dateformat@4.6.3:
    resolution: {integrity: sha512-2P0p0pFGzHS5EMnhdxQi7aJN+iMheud0UhG4dlE1DLAlvL8JHjJJTX/CSm4JXwV0Ka5nGk3zC5mcb5bUQUxxMA==}

  derivatives-marketplace-abi@https://codeload.github.com/Lumerin-protocol/derivatives-marketplace/tar.gz/c8078b9e430df8a5ec8bc64865d692b38cc69d8c#path:/contracts/abi:
    resolution: {gitHosted: true, path: /contracts/abi, tarball: https://codeload.github.com/Lumerin-protocol/derivatives-marketplace/tar.gz/c8078b9e430df8a5ec8bc64865d692b38cc69d8c}
    version: 0.0.0

  end-of-stream@1.4.5:
    resolution: {integrity: sha512-ooEGc6HP26xXq/N+GCGOT0JKCLDGrq2bQUZrQ7gyrJiZANJ/8YDTxTpQBXGMn+WbIQXNVpyWymm7KYVICQnyOg==}

  eventemitter3@5.0.1:
    resolution: {integrity: sha512-GWkBvjiSZK87ELrYOSESUYeVIc9mvLLf/nXalMOS5dYrgZq9o5OVkbZAVM06CVxYsCwH9BDZFPlQTlPA1j4ahA==}

  fast-copy@4.0.3:
    resolution: {integrity: sha512-58apWr0GUiDFM8+3afrO6eYwJBn9ZAhDOzG3L+/9llab/haCARS2UIfffmOurYLwbgDRs8n0rfr6qAAPEAuAQw==}

  fast-safe-stringify@2.1.1:
    resolution: {integrity: sha512-W+KJc2dmILlPplD/H4K9l9LcAHAfPtP6BY84uVLXQ6Evcz9Lcg33Y2z1IVblT6xdY54PXYVHEv+0Wpq8Io6zkA==}

  futures-marketplace-abi@https://codeload.github.com/Lumerin-protocol/futures-marketplace/tar.gz/20fcd524629f87c352161377a7b50ac263b92e12#path:/contracts/abi:
    resolution: {gitHosted: true, integrity: sha512-csFZ1epYxzjKDGBIAkXPU58PLazN9ZLNBzbD9gPmkTN+BQPRXbNFo9SqTM03tqYLtIiyf4wO2BajXi6+L2Ep6Q==, tarball: https://codeload.github.com/Lumerin-protocol/futures-marketplace/tar.gz/20fcd524629f87c352161377a7b50ac263b92e12}
    version: 0.0.0

  help-me@5.0.0:
    resolution: {integrity: sha512-7xgomUX6ADmcYzFik0HzAxh/73YlKR9bmFzf51CZwR+b6YtzU2m0u49hQCqV6SvlqIqsaxovfwdvbnsw3b/zpg==}

  isows@1.0.7:
    resolution: {integrity: sha512-I1fSfDCZL5P0v33sVqeTDSpcstAg/N+wF5HS033mogOVIp4B+oHC7oOCsA3axAbBSGTJ8QubbNmnIRN/h8U7hg==}
    peerDependencies:
      ws: '*'

  joycon@3.1.1:
    resolution: {integrity: sha512-34wB/Y7MW7bzjKRjUKTa46I2Z7eV62Rkhva+KkopW7Qvv/OSWBqvkSY7vusOPrNuZcUG3tApvdVgNB8POj3SPw==}
    engines: {node: '>=10'}

  minimist@1.2.8:
    resolution: {integrity: sha512-2yyAR8qBkN3YuheJanUpWC5U3bb5osDywNB8RzDVlDwDHbocAJveqqj1u8+SVD7jkWT4yvsHCpWqqWqAxb0zCA==}

  on-exit-leak-free@2.1.2:
    resolution: {integrity: sha512-0eJJY6hXLGf1udHwfNftBqH+g73EU4B504nZeKpz1sYRKafAghwxEJunB2O7rDZkL4PGfsMVnTXZ2EjibbqcsA==}
    engines: {node: '>=14.0.0'}

  once@1.4.0:
    resolution: {integrity: sha512-lNaJgI+2Q5URQBkccEKHTQOPaXdUxnZZElQTZY0MFUAuaEqe1E+Nyvgdz/aIyNi6Z9MzO5dv1H8n58/GELp3+w==}

  ox@0.14.30:
    resolution: {integrity: sha512-LI11uu+8iiM1B3CLckgd++YF1a0A2k5wDoM9ZeQMiL21BOzQs6L//BLS6hb1HSEKCyycdDIQLsVQx9MjpcC0hA==}
    peerDependencies:
      typescript: '>=5.4.0'
    peerDependenciesMeta:
      typescript:
        optional: true

  pino-abstract-transport@3.0.0:
    resolution: {integrity: sha512-wlfUczU+n7Hy/Ha5j9a/gZNy7We5+cXp8YL+X+PG8S0KXxw7n/JXA3c46Y0zQznIJ83URJiwy7Lh56WLokNuxg==}

  pino-pretty@13.1.3:
    resolution: {integrity: sha512-ttXRkkOz6WWC95KeY9+xxWL6AtImwbyMHrL1mSwqwW9u+vLp/WIElvHvCSDg0xO/Dzrggz1zv3rN5ovTRVowKg==}
    hasBin: true

  pino-std-serializers@7.1.0:
    resolution: {integrity: sha512-BndPH67/JxGExRgiX1dX0w1FvZck5Wa4aal9198SrRhZjH3GxKQUKIBnYJTdj2HDN3UQAS06HlfcSbQj2OHmaw==}

  pino@10.3.1:
    resolution: {integrity: sha512-r34yH/GlQpKZbU1BvFFqOjhISRo1MNx1tWYsYvmj6KIRHSPMT2+yHOEb1SG6NMvRoHRF0a07kCOox/9yakl1vg==}
    hasBin: true

  process-warning@5.0.0:
    resolution: {integrity: sha512-a39t9ApHNx2L4+HBnQKqxxHNs1r7KF+Intd8Q/g1bUh6q0WIp9voPXJ/x0j+ZL45KF1pJd9+q2jLIRMfvEshkA==}

  pump@3.0.4:
    resolution: {integrity: sha512-VS7sjc6KR7e1ukRFhQSY5LM2uBWAUPiOPa/A3mkKmiMwSmRFUITt0xuj+/lesgnCv+dPIEYlkzrcyXgquIHMcA==}

  quick-format-unescaped@4.0.4:
    resolution: {integrity: sha512-tYC1Q1hgyRuHgloV/YXs2w15unPVh8qfu/qCTfhTYamaw7fyhumKa2yGpdSo87vY32rIclj+4fWYQXUMs9EHvg==}

  real-require@0.2.0:
    resolution: {integrity: sha512-57frrGM/OCTLqLOAh0mhVA9VBMHd+9U7Zb2THMGdBUoZVOtGbJzjxsYGDJ3A9AYYCP4hn6y1TVbaOfzWtm5GFg==}
    engines: {node: '>= 12.13.0'}

  real-require@1.0.0:
    resolution: {integrity: sha512-P4nbQYQfePJxRSmY+v/KINxVucm4NF3p3s7pJveMTtom52FR4YGltUQLB8idDXwDDWW+eYrWDFbuzUnjoWHF7g==}

  safe-stable-stringify@2.5.0:
    resolution: {integrity: sha512-b3rppTKm9T+PsVCBEOUR46GWI7fdOs00VKZ1+9c1EWDaDMvjQc6tUwuFyIprgGgTcWoVHSKrU8H31ZHA2e0RHA==}
    engines: {node: '>=10'}

  secure-json-parse@4.1.0:
    resolution: {integrity: sha512-l4KnYfEyqYJxDwlNVyRfO2E4NTHfMKAWdUuA8J0yve2Dz/E/PdBepY03RvyJpssIpRFwJoCD55wA+mEDs6ByWA==}

  sonic-boom@4.2.1:
    resolution: {integrity: sha512-w6AxtubXa2wTXAUsZMMWERrsIRAdrK0Sc+FUytWvYAhBJLyuI4llrMIC1DtlNSdI99EI86KZum2MMq3EAZlF9Q==}

  split2@4.2.0:
    resolution: {integrity: sha512-UcjcJOWknrNkF6PLX83qcHM6KHgVKNkV62Y8a5uYDVv9ydGQVwAHMKqHdJje1VTWpljG0WYpCDhrCdAOYH4TWg==}
    engines: {node: '>= 10.x'}

  strip-json-comments@5.0.3:
    resolution: {integrity: sha512-1tB5mhVo7U+ETBKNf92xT4hrQa3pm0MZ0PQvuDnWgAAGHDsfp4lPSpiS6psrSiet87wyGPh9ft6wmhOMQ0hDiw==}
    engines: {node: '>=14.16'}

  thread-stream@4.2.0:
    resolution: {integrity: sha512-e2zZ96wSChazBsbENf/Pcm/4swHt2cEKQ92rhUjkL9GCKiTDJIaTBenjE/m9DXi0QBmTMDkFDdOomUy20A1tDQ==}
    engines: {node: '>=20'}

  undici-types@6.21.0:
    resolution: {integrity: sha512-iwDZqg0QAGrg9Rav5H4n0M64c3mkR59cJ6wQp+7C4nI0gsmExaedaYLNO44eT4AtBBwjbTiGPMlt2Md0T9H9JQ==}

  viem@2.54.6:
    resolution: {integrity: sha512-OfybECKJYVmhiNqz+SHhed+O2h6niQ+0Wjg9J0b4bV+/QrvLgjxhfKO7hZqsuK1YtZ/0BErBKy708Zp+cU5T0Q==}
    peerDependencies:
      typescript: '>=5.0.4'
    peerDependenciesMeta:
      typescript:
        optional: true

  wrappy@1.0.2:
    resolution: {integrity: sha512-l4Sp/DRseor9wL6EvV2+TuQn63dMkPjZ/sp9XkghTEbV9KlPS1xUsZ3u7/IQO4wxtcFB4bgpQPRcR3QCvezPcQ==}

  ws@8.21.0:
    resolution: {integrity: sha512-Vsp28b7DRcimFQvrqu2Wek3z1iYxDCWqHYB8Qsnk/S4RfaCQzPGPyBNuVjJV3cd6UiKtUtp6sNM77gWvzcCH+g==}
    engines: {node: '>=10.0.0'}
    peerDependencies:
      bufferutil: ^4.0.1
      utf-8-validate: '>=5.0.2'
    peerDependenciesMeta:
      bufferutil:
        optional: true
      utf-8-validate:
        optional: true

snapshots:

  '@adraffy/ens-normalize@1.11.1': {}

  '@noble/ciphers@1.3.0': {}

  '@noble/curves@1.9.1':
    dependencies:
      '@noble/hashes': 1.8.0

  '@noble/hashes@1.8.0': {}

  '@pinojs/redact@0.4.0': {}

  '@scure/base@1.2.6': {}

  '@scure/bip32@1.7.0':
    dependencies:
      '@noble/curves': 1.9.1
      '@noble/hashes': 1.8.0
      '@scure/base': 1.2.6

  '@scure/bip39@1.6.0':
    dependencies:
      '@noble/hashes': 1.8.0
      '@scure/base': 1.2.6

  '@types/node@22.20.0':
    dependencies:
      undici-types: 6.21.0

  '@typescript/native-preview-darwin-arm64@7.0.0-dev.20260511.1':
    optional: true

  '@typescript/native-preview-darwin-x64@7.0.0-dev.20260511.1':
    optional: true

  '@typescript/native-preview-linux-arm64@7.0.0-dev.20260511.1':
    optional: true

  '@typescript/native-preview-linux-arm@7.0.0-dev.20260511.1':
    optional: true

  '@typescript/native-preview-linux-x64@7.0.0-dev.20260511.1':
    optional: true

  '@typescript/native-preview-win32-arm64@7.0.0-dev.20260511.1':
    optional: true

  '@typescript/native-preview-win32-x64@7.0.0-dev.20260511.1':
    optional: true

  '@typescript/native-preview@7.0.0-dev.20260511.1':
    optionalDependencies:
      '@typescript/native-preview-darwin-arm64': 7.0.0-dev.20260511.1
      '@typescript/native-preview-darwin-x64': 7.0.0-dev.20260511.1
      '@typescript/native-preview-linux-arm': 7.0.0-dev.20260511.1
      '@typescript/native-preview-linux-arm64': 7.0.0-dev.20260511.1
      '@typescript/native-preview-linux-x64': 7.0.0-dev.20260511.1
      '@typescript/native-preview-win32-arm64': 7.0.0-dev.20260511.1
      '@typescript/native-preview-win32-x64': 7.0.0-dev.20260511.1

  abitype@1.2.3: {}

  amaro@1.1.10: {}

  atomic-sleep@1.0.0: {}

  collateral-margin-abi@https://codeload.github.com/Lumerin-protocol/collateral-margin/tar.gz/4ba5a84b54a01c37f4a92e9f30fa0ff2281c6855#path:/contracts/abi(patch_hash=7c97e1895133c2310ee81b6c24248a113d66b141bfa49a51d5b3ed468df4045d): {}

  colorette@2.0.20: {}

  dateformat@4.6.3: {}

  derivatives-marketplace-abi@https://codeload.github.com/Lumerin-protocol/derivatives-marketplace/tar.gz/c8078b9e430df8a5ec8bc64865d692b38cc69d8c#path:/contracts/abi(patch_hash=96cf5481d03a402c55577d18ce7e4576a0252323c61d0b1f48f6fec7d7001c2d): {}

  end-of-stream@1.4.5:
    dependencies:
      once: 1.4.0

  eventemitter3@5.0.1: {}

  fast-copy@4.0.3: {}

  fast-safe-stringify@2.1.1: {}

  futures-marketplace-abi@https://codeload.github.com/Lumerin-protocol/futures-marketplace/tar.gz/20fcd524629f87c352161377a7b50ac263b92e12#path:/contracts/abi: {}

  help-me@5.0.0: {}

  isows@1.0.7(ws@8.21.0):
    dependencies:
      ws: 8.21.0

  joycon@3.1.1: {}

  minimist@1.2.8: {}

  on-exit-leak-free@2.1.2: {}

  once@1.4.0:
    dependencies:
      wrappy: 1.0.2

  ox@0.14.30:
    dependencies:
      '@adraffy/ens-normalize': 1.11.1
      '@noble/ciphers': 1.3.0
      '@noble/curves': 1.9.1
      '@noble/hashes': 1.8.0
      '@scure/bip32': 1.7.0
      '@scure/bip39': 1.6.0
      abitype: 1.2.3
      eventemitter3: 5.0.1
    transitivePeerDependencies:
      - zod

  pino-abstract-transport@3.0.0:
    dependencies:
      split2: 4.2.0

  pino-pretty@13.1.3:
    dependencies:
      colorette: 2.0.20
      dateformat: 4.6.3
      fast-copy: 4.0.3
      fast-safe-stringify: 2.1.1
      help-me: 5.0.0
      joycon: 3.1.1
      minimist: 1.2.8
      on-exit-leak-free: 2.1.2
      pino-abstract-transport: 3.0.0
      pump: 3.0.4
      secure-json-parse: 4.1.0
      sonic-boom: 4.2.1
      strip-json-comments: 5.0.3

  pino-std-serializers@7.1.0: {}

  pino@10.3.1:
    dependencies:
      '@pinojs/redact': 0.4.0
      atomic-sleep: 1.0.0
      on-exit-leak-free: 2.1.2
      pino-abstract-transport: 3.0.0
      pino-std-serializers: 7.1.0
      process-warning: 5.0.0
      quick-format-unescaped: 4.0.4
      real-require: 0.2.0
      safe-stable-stringify: 2.5.0
      sonic-boom: 4.2.1
      thread-stream: 4.2.0

  process-warning@5.0.0: {}

  pump@3.0.4:
    dependencies:
      end-of-stream: 1.4.5
      once: 1.4.0

  quick-format-unescaped@4.0.4: {}

  real-require@0.2.0: {}

  real-require@1.0.0: {}

  safe-stable-stringify@2.5.0: {}

  secure-json-parse@4.1.0: {}

  sonic-boom@4.2.1:
    dependencies:
      atomic-sleep: 1.0.0

  split2@4.2.0: {}

  strip-json-comments@5.0.3: {}

  thread-stream@4.2.0:
    dependencies:
      real-require: 1.0.0

  undici-types@6.21.0: {}

  viem@2.54.6:
    dependencies:
      '@noble/curves': 1.9.1
      '@noble/hashes': 1.8.0
      '@scure/bip32': 1.7.0
      '@scure/bip39': 1.6.0
      abitype: 1.2.3
      isows: 1.0.7(ws@8.21.0)
      ox: 0.14.30
      ws: 8.21.0
    transitivePeerDependencies:
      - bufferutil
      - utf-8-validate
      - zod

  wrappy@1.0.2: {}

  ws@8.21.0: {}
